
Microsoft Visual Studio Solution File, Format Version 12.00
# Visual Studio Version 17
VisualStudioVersion = 17.4.33205.214
MinimumVisualStudioVersion = 10.0.40219.1
Project("{FAE04EC0-301F-11D3-BF4B-00C04F79EFBC}") = "TodoApp.DataAccsess", "TodoApp.DataAccsess\TodoApp.DataAccsess.csproj", "{673118C4-C97B-4A68-8F85-3B59228C21DD}"
EndProject
Project("{FAE04EC0-301F-11D3-BF4B-00C04F79EFBC}") = "TodoApp.Business", "TodoApp.Business\TodoApp.Business.csproj", "{349770AA-B0E9-4680-B5F0-EEA82C7DA9C7}"
EndProject
Project("{FAE04EC0-301F-11D3-BF4B-00C04F79EFBC}") = "TodoApp.Entities", "TodoApp.Entities\TodoApp.Entities.csproj", "{2C5A6C60-2DEB-49B9-905D-D06CBCD49669}"
EndProject
Project("{FAE04EC0-301F-11D3-BF4B-00C04F79EFBC}") = "TodoApp.Dtos", "TodoApp.Dtos\TodoApp.Dtos.csproj", "{57D6AAA8-EF08-4E39-9059-F1B5D6605CFC}"
EndProject
Project("{FAE04EC0-301F-11D3-BF4B-00C04F79EFBC}") = "TodoApp.UI", "TodoApp.UI\TodoApp.UI.csproj", "{CA6E9C13-6534-4478-A402-BCB09C500ABC}"
EndProject
Global
	GlobalSection(SolutionConfigurationPlatforms) = preSolution
		Debug|Any CPU = Debug|Any CPU
		Release|Any CPU = Release|Any CPU
	EndGlobalSection
	GlobalSection(ProjectConfigurationPlatforms) = postSolution
		{673118C4-C97B-4A68-8F85-3B59228C21DD}.Debug|Any CPU.ActiveCfg = Debug|Any CPU
		{673118C4-C97B-4A68-8F85-3B59228C21DD}.Debug|Any CPU.Build.0 = Debug|Any CPU
		{673118C4-C97B-4A68-8F85-3B59228C21DD}.Release|Any CPU.ActiveCfg = Release|Any CPU
		{673118C4-C97B-4A68-8F85-3B59228C21DD}.Release|Any CPU.Build.0 = Release|Any CPU
		{349770AA-B0E9-4680-B5F0-EEA82C7DA9C7}.Debug|Any CPU.ActiveCfg = Debug|Any CPU
		{349770AA-B0E9-4680-B5F0-EEA82C7DA9C7}.Debug|Any CPU.Build.0 = Debug|Any CPU
		{349770AA-B0E9-4680-B5F0-EEA82C7DA9C7}.Release|Any CPU.ActiveCfg = Release|Any CPU
		{349770AA-B0E9-4680-B5F0-EEA82C7DA9C7}.Release|Any CPU.Build.0 = Release|Any CPU
		{2C5A6C60-2DEB-49B9-905D-D06CBCD49669}.Debug|Any CPU.ActiveCfg = Debug|Any CPU
		{2C5A6C60-2DEB-49B9-905D-D06CBCD49669}.Debug|Any CPU.Build.0 = Debug|Any CPU
		{2C5A6C60-2DEB-49B9-905D-D06CBCD49669}.Release|Any CPU.ActiveCfg = Release|Any CPU
		{2C5A6C60-2DEB-49B9-905D-D06CBCD49669}.Release|Any CPU.Build.0 = Release|Any CPU
		{57D6AAA8-EF08-4E39-9059-F1B5D6605CFC}.Debug|Any CPU.ActiveCfg = Debug|Any CPU
		{57D6AAA8-EF08-4E39-9059-F1B5D6605CFC}.Debug|Any CPU.Build.0 = Debug|Any CPU
		{57D6AAA8-EF08-4E39-9059-F1B5D6605CFC}.Release|Any CPU.ActiveCfg = Release|Any CPU
		{57D6AAA8-EF08-4E39-9059-F1B5D6605CFC}.Release|Any CPU.Build.0 = Release|Any CPU
		{CA6E9C13-6534-4478-A402-BCB09C500ABC}.Debug|Any CPU.ActiveCfg = Debug|Any CPU
		{CA6E9C13-6534-4478-A402-BCB09C500ABC}.Debug|Any CPU.Build.0 = Debug|Any CPU
		{CA6E9C13-6534-4478-A402-BCB09C500ABC}.Release|Any CPU.ActiveCfg = Release|Any CPU
		{CA6E9C13-6534-4478-A402-BCB09C500ABC}.Release|Any CPU.Build.0 = Release|Any CPU
	EndGlobalSection
	GlobalSection(SolutionProperties) = preSolution
		HideSolutionNode = FALSE
	EndGlobalSection
	GlobalSection(ExtensibilityGlobals) = postSolution
		SolutionGuid = {472A2F83-DCF7-485B-A34A-896AA7355BBF}
	EndGlobalSection
EndGlobal
